{
  "originHash" : "07965aa04e8be9537fbd2e0590aa08211b73c5fab5580e70c4804eeb28e5f2f1",
  "pins" : [
    {
      "identity" : "icnativeclient",
      "kind" : "remoteSourceControl",
      "location" : "https://github.com/humandebri/ICNativeClient",
      "state" : {
        "revision" : "642aeb0ad22c23a1a7f1f1c59bde89e60a5c9630",
        "version" : "0.1.2"
      }
    },
    {
      "identity" : "swift-concurrency-extras",
      "kind" : "remoteSourceControl",
      "location" : "https://github.com/pointfreeco/swift-concurrency-extras",
      "state" : {
        "revision" : "a90e2e40a7a840a853dd29e57cbef5dbb72c9d5b",
        "version" : "1.4.0"
      }
    },
    {
      "identity" : "swiftui-math",
      "kind" : "remoteSourceControl",
      "location" : "https://github.com/gonzalezreal/swiftui-math",
      "state" : {
        "revision" : "0b5c2cfaaec8d6193db206f675048eeb5ce95f71",
        "version" : "0.1.0"
      }
    },
    {
      "identity" : "textual",
      "kind" : "remoteSourceControl",
      "location" : "https://github.com/gonzalezreal/textual",
      "state" : {
        "revision" : "01b51875a5406eefc95f52a058cb059e7bc94dc4",
        "version" : "0.5.0"
      }
    }
  ],
  "version" : 3
}
